
Microsoft Visual Studio Solution File, Format Version 12.00
# Visual Studio 15
VisualStudioVersion = 15.0.27004.2010
MinimumVisualStudioVersion = 10.0.40219.1
Project("{FAE04EC0-301F-11D3-BF4B-00C04F79EFBC}") = "EverydaySolutions.C45.C45DemoApp", "EverydaySolutions.C45.C45DemoApp.csproj", "{D0346473-DF33-42B6-A695-0779FEB025FC}"
EndProject
Global
	GlobalSection(SolutionConfigurationPlatforms) = preSolution
		Debug|Any CPU = Debug|Any CPU
		Release|Any CPU = Release|Any CPU
	EndGlobalSection
	GlobalSection(ProjectConfigurationPlatforms) = postSolution
		{D0346473-DF33-42B6-A695-0779FEB025FC}.Debug|Any CPU.ActiveCfg = Debug|Any CPU
		{D0346473-DF33-42B6-A695-0779FEB025FC}.Debug|Any CPU.Build.0 = Debug|Any CPU
		{D0346473-DF33-42B6-A695-0779FEB025FC}.Release|Any CPU.ActiveCfg = Release|Any CPU
		{D0346473-DF33-42B6-A695-0779FEB025FC}.Release|Any CPU.Build.0 = Release|Any CPU
	EndGlobalSection
	GlobalSection(SolutionProperties) = preSolution
		HideSolutionNode = FALSE
	EndGlobalSection
	GlobalSection(ExtensibilityGlobals) = postSolution
		SolutionGuid = {FA4CC5C2-BE99-464B-9C32-8A0B65E78294}
	EndGlobalSection
EndGlobal
