
Microsoft Visual Studio Solution File, Format Version 12.00
# Visual Studio 15
VisualStudioVersion = 15.0.27004.2010
MinimumVisualStudioVersion = 10.0.40219.1
Project("{8BC9CEB8-8B4A-11D0-8D11-00A0C91BC942}") = "C45", "C45.vcxproj", "{CEE02C18-4F16-4D4C-83BA-B8DFF26549D2}"
EndProject
Global
	GlobalSection(SolutionConfigurationPlatforms) = preSolution
		Debug|Win32 = Debug|Win32
		Release|Win32 = Release|Win32
	EndGlobalSection
	GlobalSection(ProjectConfigurationPlatforms) = postSolution
		{CEE02C18-4F16-4D4C-83BA-B8DFF26549D2}.Debug|Win32.ActiveCfg = Debug|Win32
		{CEE02C18-4F16-4D4C-83BA-B8DFF26549D2}.Debug|Win32.Build.0 = Debug|Win32
		{CEE02C18-4F16-4D4C-83BA-B8DFF26549D2}.Release|Win32.ActiveCfg = Release|Win32
		{CEE02C18-4F16-4D4C-83BA-B8DFF26549D2}.Release|Win32.Build.0 = Release|Win32
	EndGlobalSection
	GlobalSection(SolutionProperties) = preSolution
		HideSolutionNode = FALSE
	EndGlobalSection
	GlobalSection(ExtensibilityGlobals) = postSolution
		SolutionGuid = {987E807C-DC74-4EDB-8F07-19A6230FA2C0}
	EndGlobalSection
EndGlobal
