<?xml version="1.0" encoding="utf-8"?>
<Project ToolsVersion="4.0" xmlns="http://schemas.microsoft.com/developer/msbuild/2003">
  <ItemGroup>
    <Filter Include="Source Files">
      <UniqueIdentifier>{4FC737F1-C7A5-4376-A066-2A32D752A2FF}</UniqueIdentifier>
      <Extensions>cpp;c;cc;cxx;def;odl;idl;hpj;bat;asm;asmx</Extensions>
    </Filter>
    <Filter Include="Header Files">
      <UniqueIdentifier>{93995380-89BD-4b04-88EB-625FBE52EBFB}</UniqueIdentifier>
      <Extensions>h;hpp;hxx;hm;inl;inc;xsd</Extensions>
    </Filter>
    <Filter Include="Resource Files">
      <UniqueIdentifier>{67DA6AB6-F800-4c08-8B7A-83BB121AAD01}</UniqueIdentifier>
      <Extensions>rc;ico;cur;bmp;dlg;rc2;rct;bin;rgs;gif;jpg;jpeg;jpe;resx;tiff;tif;png;wav</Extensions>
    </Filter>
  </ItemGroup>
  <ItemGroup>
    <ClCompile Include="besttree.cpp">
      <Filter>Source Files</Filter>
    </ClCompile>
    <ClCompile Include="build.cpp">
      <Filter>Source Files</Filter>
    </ClCompile>
    <ClCompile Include="C45.cpp">
      <Filter>Source Files</Filter>
    </ClCompile>
    <ClCompile Include="classify.cpp">
      <Filter>Source Files</Filter>
    </ClCompile>
    <ClCompile Include="confmat.cpp">
      <Filter>Source Files</Filter>
    </ClCompile>
    <ClCompile Include="consult.cpp">
      <Filter>Source Files</Filter>
    </ClCompile>
    <ClCompile Include="contin.cpp">
      <Filter>Source Files</Filter>
    </ClCompile>
    <ClCompile Include="discr.cpp">
      <Filter>Source Files</Filter>
    </ClCompile>
    <ClCompile Include="esolutions.cpp">
      <Filter>Source Files</Filter>
    </ClCompile>
    <ClCompile Include="getdata.cpp">
      <Filter>Source Files</Filter>
    </ClCompile>
    <ClCompile Include="getnames.cpp">
      <Filter>Source Files</Filter>
    </ClCompile>
    <ClCompile Include="getopt.cpp">
      <Filter>Source Files</Filter>
    </ClCompile>
    <ClCompile Include="header.cpp">
      <Filter>Source Files</Filter>
    </ClCompile>
    <ClCompile Include="info.cpp">
      <Filter>Source Files</Filter>
    </ClCompile>
    <ClCompile Include="prune.cpp">
      <Filter>Source Files</Filter>
    </ClCompile>
    <ClCompile Include="sort.cpp">
      <Filter>Source Files</Filter>
    </ClCompile>
    <ClCompile Include="st-thresh.cpp">
      <Filter>Source Files</Filter>
    </ClCompile>
    <ClCompile Include="stats.cpp">
      <Filter>Source Files</Filter>
    </ClCompile>
    <ClCompile Include="subset.cpp">
      <Filter>Source Files</Filter>
    </ClCompile>
    <ClCompile Include="trees.cpp">
      <Filter>Source Files</Filter>
    </ClCompile>
    <ClCompile Include="userint.cpp">
      <Filter>Source Files</Filter>
    </ClCompile>
  </ItemGroup>
  <ItemGroup>
    <ClInclude Include="besttree.h">
      <Filter>Header Files</Filter>
    </ClInclude>
    <ClInclude Include="build.h">
      <Filter>Header Files</Filter>
    </ClInclude>
    <ClInclude Include="c45.h">
      <Filter>Header Files</Filter>
    </ClInclude>
    <ClInclude Include="classify.h">
      <Filter>Header Files</Filter>
    </ClInclude>
    <ClInclude Include="confmat.h">
      <Filter>Header Files</Filter>
    </ClInclude>
    <ClInclude Include="consult.h">
      <Filter>Header Files</Filter>
    </ClInclude>
    <ClInclude Include="contin.h">
      <Filter>Header Files</Filter>
    </ClInclude>
    <ClInclude Include="defns.h">
      <Filter>Header Files</Filter>
    </ClInclude>
    <ClInclude Include="discr.h">
      <Filter>Header Files</Filter>
    </ClInclude>
    <ClInclude Include="esolutions.h">
      <Filter>Header Files</Filter>
    </ClInclude>
    <ClInclude Include="extern.h">
      <Filter>Header Files</Filter>
    </ClInclude>
    <ClInclude Include="getdata.h">
      <Filter>Header Files</Filter>
    </ClInclude>
    <ClInclude Include="getnames.h">
      <Filter>Header Files</Filter>
    </ClInclude>
    <ClInclude Include="getopt.h">
      <Filter>Header Files</Filter>
    </ClInclude>
    <ClInclude Include="header.h">
      <Filter>Header Files</Filter>
    </ClInclude>
    <ClInclude Include="info.h">
      <Filter>Header Files</Filter>
    </ClInclude>
    <ClInclude Include="prune.h">
      <Filter>Header Files</Filter>
    </ClInclude>
    <ClInclude Include="resource.h">
      <Filter>Header Files</Filter>
    </ClInclude>
    <ClInclude Include="resource1.h">
      <Filter>Header Files</Filter>
    </ClInclude>
    <ClInclude Include="sort.h">
      <Filter>Header Files</Filter>
    </ClInclude>
    <ClInclude Include="st-thresh.h">
      <Filter>Header Files</Filter>
    </ClInclude>
    <ClInclude Include="stats.h">
      <Filter>Header Files</Filter>
    </ClInclude>
    <ClInclude Include="subset.h">
      <Filter>Header Files</Filter>
    </ClInclude>
    <ClInclude Include="trees.h">
      <Filter>Header Files</Filter>
    </ClInclude>
    <ClInclude Include="types.h">
      <Filter>Header Files</Filter>
    </ClInclude>
    <ClInclude Include="userint.h">
      <Filter>Header Files</Filter>
    </ClInclude>
  </ItemGroup>
  <ItemGroup>
    <ResourceCompile Include="resource.rc">
      <Filter>Resource Files</Filter>
    </ResourceCompile>
  </ItemGroup>
</Project>